github.com/ebitengine/gomobile v0.0.0-20250923094054-ea854a63cce1 h1:+kz5iTT3L7uU+VhlMfTb8hHcxLO3TlaELlX8wa4XjA0=
github.com/ebitengine/gomobile v0.0.0-20250923094054-ea854a63cce1/go.mod h1:lKJoeixeJwnFmYsBny4vvCJGVFc3aYDalhuDsfZzWHI=
github.com/ebitengine/hideconsole v1.0.0 h1:5J4U0kXF+pv/DhiXt5/lTz0eO5ogJ1iXb8Yj1yReDqE=
github.com/ebitengine/hideconsole v1.0.0/go.mod h1:hTTBTvVYWKBuxPr7peweneWdkUwEuHuB3C1R/ielR1A=
github.com/ebitengine/purego v0.9.1 h1:a/k2f2HQU3Pi399RPW1MOaZyhKJL9w/xFpKAg4q1s0A=
github.com/ebitengine/purego v0.9.1/go.mod h1:iIjxzd6CiRiOG0UyXP+V1+jWqUXVjPKLAI0mRfJZTmQ=
github.com/go-text/typesetting v0.3.2 h1:OUOFxp9Rx5PiO0/rh2IY+5gmyXjXsVG8+LfEyk9NMcE=
github.com/go-text/typesetting v0.3.2/go.mod h1:vIRUT25mLQaSh4C8H/lIsKppQz/Gdb8Pu/tNwpi52ts=
github.com/go-text/typesetting-utils v0.0.0-20250618110550-c820a94c77b8 h1:4KCscI9qYWMGTuz6BpJtbUSRzcBrUSSE0ENMJbNSrFs=
github.com/go-text/typesetting-utils v0.0.0-20250618110550-c820a94c77b8/go.mod h1:3/62I4La/HBRX9TcTpBj4eipLiwzf+vhI+7whTc9V7o=
github.com/hajimehoshi/bitmapfont/v4 v4.1.0 h1:eE3qa5Do4qhowZVIHjsrX5pYyyPN6sAFWMsO7QREm3U=
github.com/hajimehoshi/bitmapfont/v4 v4.1.0/go.mod h1:/PD+aLjAJ0F2UoQx6hkOfXqWN7BkroDUMr5W+IT1dpE=
github.com/hajimehoshi/ebiten/v2 v2.9.7 h1:WuNgM24uJxwdLZLqM8SXLAGVBof/45udRjo2tJoTpM0=
github.com/hajimehoshi/ebiten/v2 v2.9.7/go.mod h1:DAt4tnkYYpCvu3x9i1X/nK/vOruNXIlYq/tBXxnhrXM=
github.com/jezek/xgb v1.2.0 h1:LzgkD11wOrPnxXEqo588cnjUt4NwMHrFh/tgajo50Q0=
github.com/jezek/xgb v1.2.0/go.mod h1:nrhwO0FX/enq75I7Y7G8iN1ubpSGZEiA3v9e9GyRFlk=
github.com/pierrec/lz4/v4 v4.1.22 h1:cKFw6uJDK+/gfw5BcDL0JL5aBsAFdsIT18eRtLj7VIU=
github.com/pierrec/lz4/v4 v4.1.22/go.mod h1:gZWDp/Ze/IJXGXf23ltt2EXimqmTUXEy0GFuRQyBid4=
github.com/rivo/uniseg v0.4.7 h1:WUdvkW8uEhrYfLC4ZzdpI2ztxP1I582+49Oc5Mq64VQ=
github.com/rivo/uniseg v0.4.7/go.mod h1:FN3SvrM+Zdj16jyLfmOkMNblXMcoc8DfTHruCPUcx88=
golang.design/x/clipboard v0.7.1 h1:OEG3CmcYRBNnRwpDp7+uWLiZi3hrMRJpE9JkkkYtz2c=
golang.design/x/clipboard v0.7.1/go.mod h1:i5SiIqj0wLFw9P/1D7vfILFK0KHMk7ydE72HRrUIgkg=
golang.org/x/exp/shiny v0.0.0-20251219203646-944ab1f22d93 h1:qODT4Ff4VDX3pRisdTn7PsxmYklbX/6iPIjz3yKB1n8=
golang.org/x/exp/shiny v0.0.0-20251219203646-944ab1f22d93/go.mod h1:QqbL1+y9e9D0Su+B9umI12TlEFXxVNGTpUai4t0pvgI=
golang.org/x/image v0.34.0 h1:33gCkyw9hmwbZJeZkct8XyR11yH889EQt/QH4VmXMn8=
golang.org/x/image v0.34.0/go.mod h1:2RNFBZRB+vnwwFil8GkMdRvrJOFd1AzdZI6vOY+eJVU=
golang.org/x/mobile v0.0.0-20251209145715-2553ed8ce294 h1:Cr6kbEvA6nqvdHynE4CtVKlqpZB9dS1Jva/6IsHA19g=
golang.org/x/mobile v0.0.0-20251209145715-2553ed8ce294/go.mod h1:RdZ+3sb4CVgpCFnzv+I4haEpwqFfsfzlLHs3L7ok+e0=
golang.org/x/sync v0.19.0 h1:vV+1eWNmZ5geRlYjzm2adRgW2/mcpevXNg50YZtPCE4=
golang.org/x/sync v0.19.0/go.mod h1:9KTHXmSnoGruLpwFjVSX0lNNA75CykiMECbovNTZqGI=
golang.org/x/sys v0.39.0 h1:CvCKL8MeisomCi6qNZ+wbb0DN9E5AATixKsvNtMoMFk=
golang.org/x/sys v0.39.0/go.mod h1:OgkHotnGiDImocRcuBABYBEXf8A9a87e/uXjp9XT3ks=
golang.org/x/text v0.32.0 h1:ZD01bjUt1FQ9WJ0ClOL5vxgxOI/sVCNgX1YtKwcY0mU=
golang.org/x/text v0.32.0/go.mod h1:o/rUWzghvpD5TXrTIBuJU77MTaN0ljMWE47kxGJQ7jY=
