github.com/ebitengine/gomobile v0.0.0-20260820040257-d11f821a26a6 h1:Tnc3YtzxhgsvNdNrER9wWkGJbyjOwyUuzjUY5rZK72k=
github.com/ebitengine/gomobile v0.0.0-20260820040257-d11f821a26a6/go.mod h1:gwnFEwdzWZpNehgwkeK4756Ez58f58bXz6bgEAq+xqk=
github.com/ebitengine/hideconsole v1.0.0 h1:5J4U0kXF+pv/DhiXt5/lTz0eO5ogJ1iXb8Yj1yReDqE=
github.com/ebitengine/hideconsole v1.0.0/go.mod h1:hTTBTvVYWKBuxPr7peweneWdkUwEuHuB3C1R/ielR1A=
github.com/ebitengine/purego v0.11.0 h1:jhp/D+Nyv7UUW8HAcmcjt2N2rYrYi9m3SL21k0Ua/NI=
github.com/ebitengine/purego v0.11.0/go.mod h1:DCHPP08djqhNSoTfImcnHYQRZmd0qhakvrozqaEYhGQ=
github.com/go-text/typesetting v0.3.5 h1:XZPUooClHY0Vf/rFyUyuPRNEkawARaFzLMQcXLSEyPk=
github.com/go-text/typesetting v0.3.5/go.mod h1:XZO1hD+nQVyvVa5IicQk7FsCa4PFQaJ2soWAP1f//68=
github.com/go-text/typesetting-utils v0.0.0-20260419141703-4ffe8874dabc h1:8FGo2It5K75XkavhTiCKExUfVaVDS1feBnLCru5qeoY=
github.com/go-text/typesetting-utils v0.0.0-20260419141703-4ffe8874dabc/go.mod h1:3/62I4La/HBRX9TcTpBj4eipLiwzf+vhI+7whTc9V7o=
github.com/hajimehoshi/bitmapfont/v4 v4.2.0 h1:bpeN2ph7aHSuX7yoWFkLPo4ado9K+E+Dq7t6MoFcJAU=
github.com/hajimehoshi/bitmapfont/v4 v4.2.0/go.mod h1:AIeoQek1nxUmDczXNtFEYWTQ4ArINijutPD729q/NeE=
github.com/hajimehoshi/ebiten/v2 v2.10.2 h1:uNMOpfb/pW7GQRMsSn/pxwrk9rNcgSaIdjKwFZS11LM=
github.com/hajimehoshi/ebiten/v2 v2.10.2/go.mod h1:47QNgyS/y2ZRkjVUvlGLx8a+F7MSjcn8/GsjcCZ9Rc8=
github.com/pierrec/lz4/v4 v4.1.29 h1:CDQY6qZOLI4DW0Nx6R1vRrifrCeQHnNXkMb0hZWXFjg=
github.com/pierrec/lz4/v4 v4.1.29/go.mod h1:EoQMVJgeeEOMsCqCzqFm2O0cJvljX2nGZjcRIPL34O4=
github.com/srwiley/rasterx v0.0.0-20220730225603-2ab79fcdd4ef h1:Ch6Q+AZUxDBCVqdkI8FSpFyZDtCVBc2VmejdNrm5rRQ=
github.com/srwiley/rasterx v0.0.0-20220730225603-2ab79fcdd4ef/go.mod h1:nXTWP6+gD5+LUJ8krVhhoeHjvHTutPxMYl5SvkcnJNE=
golang.design/x/clipboard v0.9.0 h1:DIN7Fur+vO3WM22WlSx7aXmYmqdvjE2OAkoPuMZ9OTA=
golang.design/x/clipboard v0.9.0/go.mod h1:s0pwrtA3Q9fgnVtGDmP5ZK/pp55cQKB23esKsjwWhWM=
golang.design/x/x11 v0.2.0 h1:Uiwu2guGihsJX/ZCzpoDPFz5gR/Qntm08mvoBCmRydo=
golang.design/x/x11 v0.2.0/go.mod h1:/5q1mFkdc1rL8mvB7DsQFi6as4tIkBv4FXjcP07mrkE=
golang.org/x/exp/shiny v0.0.0-20260908205506-85c1c2202aba h1:BnfR/oT2pP5DHXCNHqgkxE4XT7gaR1n5gdQKycDMH1Y=
golang.org/x/exp/shiny v0.0.0-20260908205506-85c1c2202aba/go.mod h1:LjwWUAy73DRPU6z93L7ykfRhO3biQRlb+dRIYvdwhs8=
golang.org/x/image v0.46.0 h1:b1+oYj0Jbp6K5MDT4i4/eZpYlk3V8SJhhDKh6LBHAyQ=
golang.org/x/image v0.46.0/go.mod h1:3B3W05VGVQyuXucLINLjXKrqISASfi4Xj+iCVkLMwew=
golang.org/x/mobile v0.0.0-20260908204917-8b95e45f8d3e h1:zYnHsDmxfxKH/x9DjYNAdoIdMsP8enB1Ncb10b3pdHk=
golang.org/x/mobile v0.0.0-20260908204917-8b95e45f8d3e/go.mod h1:+g6JKqLjAprgkdZKuuBhkhIN9zvSktraeSABDN2M7p8=
golang.org/x/sync v0.23.0 h1:KameEIfc1IkluZyXWLn39Wd4tURc6GbCiISGiZm2bQk=
golang.org/x/sync v0.23.0/go.mod h1:sUUOizhqBxiL6pEWpqNLUiaJn1ShEbZ6BBqskPbjZm0=
golang.org/x/sys v0.48.0 h1:bbX/i/6MgT9BVLM9RT1thmxL04yeTAhbEz4SyadbXoo=
golang.org/x/sys v0.48.0/go.mod h1:hNLxWAXmnKAxqDtdwIYC4bM9oQPEecfsnNMuSxOs3og=
golang.org/x/text v0.42.0 h1:JbOZXgfeCPU9gacVtYliJqOhD+zhrEqK4LfdpmlUZqI=
golang.org/x/text v0.42.0/go.mod h1:ojzP1Z+2QtioaF8DTtO8K5q7JWVVYwZKenzujK0Zd0E=
